
Microsoft Visual Studio Solution File, Format Version 12.00
# Visual Studio Version 17
VisualStudioVersion = 17.14.36429.23
MinimumVisualStudioVersion = 10.0.40219.1
Project("{FAE04EC0-301F-11D3-BF4B-00C04F79EFBC}") = "Ejercicio1", "Tema4WindowsForms\Ejercicio1.csproj", "{EA168951-1354-4E00-9E2B-AB09F56040ED}"
EndProject
Project("{FAE04EC0-301F-11D3-BF4B-00C04F79EFBC}") = "Ejercicio2", "Ejercicio2\Ejercicio2.csproj", "{1FA403EE-CC4A-47EB-87B7-9BE4E00553CB}"
EndProject
Project("{FAE04EC0-301F-11D3-BF4B-00C04F79EFBC}") = "Ejercicio3", "Ejercicio3\Ejercicio3.csproj", "{12E09A6A-0AE3-4641-86FB-D46DD352E667}"
EndProject
Project("{FAE04EC0-301F-11D3-BF4B-00C04F79EFBC}") = "Ejercicio4", "Ejercicio4\Ejercicio4.csproj", "{502F2123-5A15-48F4-91F9-B25630FDABD4}"
EndProject
Project("{FAE04EC0-301F-11D3-BF4B-00C04F79EFBC}") = "Ejercicio5", "Ejercicio5\Ejercicio5.csproj", "{966B1F60-0533-4139-8CB8-F3895E73F02B}"
EndProject
Global
	GlobalSection(SolutionConfigurationPlatforms) = preSolution
		Debug|Any CPU = Debug|Any CPU
		Release|Any CPU = Release|Any CPU
	EndGlobalSection
	GlobalSection(ProjectConfigurationPlatforms) = postSolution
		{EA168951-1354-4E00-9E2B-AB09F56040ED}.Debug|Any CPU.ActiveCfg = Debug|Any CPU
		{EA168951-1354-4E00-9E2B-AB09F56040ED}.Debug|Any CPU.Build.0 = Debug|Any CPU
		{EA168951-1354-4E00-9E2B-AB09F56040ED}.Release|Any CPU.ActiveCfg = Release|Any CPU
		{EA168951-1354-4E00-9E2B-AB09F56040ED}.Release|Any CPU.Build.0 = Release|Any CPU
		{1FA403EE-CC4A-47EB-87B7-9BE4E00553CB}.Debug|Any CPU.ActiveCfg = Debug|Any CPU
		{1FA403EE-CC4A-47EB-87B7-9BE4E00553CB}.Debug|Any CPU.Build.0 = Debug|Any CPU
		{1FA403EE-CC4A-47EB-87B7-9BE4E00553CB}.Release|Any CPU.ActiveCfg = Release|Any CPU
		{1FA403EE-CC4A-47EB-87B7-9BE4E00553CB}.Release|Any CPU.Build.0 = Release|Any CPU
		{12E09A6A-0AE3-4641-86FB-D46DD352E667}.Debug|Any CPU.ActiveCfg = Debug|Any CPU
		{12E09A6A-0AE3-4641-86FB-D46DD352E667}.Debug|Any CPU.Build.0 = Debug|Any CPU
		{12E09A6A-0AE3-4641-86FB-D46DD352E667}.Release|Any CPU.ActiveCfg = Release|Any CPU
		{12E09A6A-0AE3-4641-86FB-D46DD352E667}.Release|Any CPU.Build.0 = Release|Any CPU
		{502F2123-5A15-48F4-91F9-B25630FDABD4}.Debug|Any CPU.ActiveCfg = Debug|Any CPU
		{502F2123-5A15-48F4-91F9-B25630FDABD4}.Debug|Any CPU.Build.0 = Debug|Any CPU
		{502F2123-5A15-48F4-91F9-B25630FDABD4}.Release|Any CPU.ActiveCfg = Release|Any CPU
		{502F2123-5A15-48F4-91F9-B25630FDABD4}.Release|Any CPU.Build.0 = Release|Any CPU
		{966B1F60-0533-4139-8CB8-F3895E73F02B}.Debug|Any CPU.ActiveCfg = Debug|Any CPU
		{966B1F60-0533-4139-8CB8-F3895E73F02B}.Debug|Any CPU.Build.0 = Debug|Any CPU
		{966B1F60-0533-4139-8CB8-F3895E73F02B}.Release|Any CPU.ActiveCfg = Release|Any CPU
		{966B1F60-0533-4139-8CB8-F3895E73F02B}.Release|Any CPU.Build.0 = Release|Any CPU
	EndGlobalSection
	GlobalSection(SolutionProperties) = preSolution
		HideSolutionNode = FALSE
	EndGlobalSection
	GlobalSection(ExtensibilityGlobals) = postSolution
		SolutionGuid = {838344E6-7840-4864-BE9D-FF22D3E03529}
	EndGlobalSection
EndGlobal
